
Microsoft Visual Studio Solution File, Format Version 12.00
# Visual Studio Version 17
VisualStudioVersion = 17.0.31903.59
MinimumVisualStudioVersion = 10.0.40219.1
Project("{FAE04EC0-301F-11D3-BF4B-00C04F79EFBC}") = "API", "API\API.csproj", "{53178D3B-485C-492A-AED9-7CD73B9F4566}"
EndProject
Project("{FAE04EC0-301F-11D3-BF4B-00C04F79EFBC}") = "Application", "Application\Application.csproj", "{065F519B-6693-4F7F-BD4D-02A53CE8F248}"
EndProject
Project("{FAE04EC0-301F-11D3-BF4B-00C04F79EFBC}") = "Domain", "Domain\Domain.csproj", "{3F22E9F2-4C16-4ACD-B715-ABB07CD38E30}"
EndProject
Project("{FAE04EC0-301F-11D3-BF4B-00C04F79EFBC}") = "Infrastructure", "Infrastucture\Infrastructure.csproj", "{D17AEFC4-8081-413E-9E57-A3D2655ADEE8}"
EndProject
Global
	GlobalSection(SolutionConfigurationPlatforms) = preSolution
		Debug|Any CPU = Debug|Any CPU
		Release|Any CPU = Release|Any CPU
	EndGlobalSection
	GlobalSection(ProjectConfigurationPlatforms) = postSolution
		{53178D3B-485C-492A-AED9-7CD73B9F4566}.Debug|Any CPU.ActiveCfg = Debug|Any CPU
		{53178D3B-485C-492A-AED9-7CD73B9F4566}.Debug|Any CPU.Build.0 = Debug|Any CPU
		{53178D3B-485C-492A-AED9-7CD73B9F4566}.Release|Any CPU.ActiveCfg = Release|Any CPU
		{53178D3B-485C-492A-AED9-7CD73B9F4566}.Release|Any CPU.Build.0 = Release|Any CPU
		{065F519B-6693-4F7F-BD4D-02A53CE8F248}.Debug|Any CPU.ActiveCfg = Debug|Any CPU
		{065F519B-6693-4F7F-BD4D-02A53CE8F248}.Debug|Any CPU.Build.0 = Debug|Any CPU
		{065F519B-6693-4F7F-BD4D-02A53CE8F248}.Release|Any CPU.ActiveCfg = Release|Any CPU
		{065F519B-6693-4F7F-BD4D-02A53CE8F248}.Release|Any CPU.Build.0 = Release|Any CPU
		{3F22E9F2-4C16-4ACD-B715-ABB07CD38E30}.Debug|Any CPU.ActiveCfg = Debug|Any CPU
		{3F22E9F2-4C16-4ACD-B715-ABB07CD38E30}.Debug|Any CPU.Build.0 = Debug|Any CPU
		{3F22E9F2-4C16-4ACD-B715-ABB07CD38E30}.Release|Any CPU.ActiveCfg = Release|Any CPU
		{3F22E9F2-4C16-4ACD-B715-ABB07CD38E30}.Release|Any CPU.Build.0 = Release|Any CPU
		{D17AEFC4-8081-413E-9E57-A3D2655ADEE8}.Debug|Any CPU.ActiveCfg = Debug|Any CPU
		{D17AEFC4-8081-413E-9E57-A3D2655ADEE8}.Debug|Any CPU.Build.0 = Debug|Any CPU
		{D17AEFC4-8081-413E-9E57-A3D2655ADEE8}.Release|Any CPU.ActiveCfg = Release|Any CPU
		{D17AEFC4-8081-413E-9E57-A3D2655ADEE8}.Release|Any CPU.Build.0 = Release|Any CPU
	EndGlobalSection
	GlobalSection(SolutionProperties) = preSolution
		HideSolutionNode = FALSE
	EndGlobalSection
EndGlobal
